// !$*UTF8*$!
{
	archiveVersion = 1;
	classes = {
	};
	objectVersion = 50;
	objects = {

/* Begin PBXBuildFile section */
		2101624E24A5EFDE00EF0DF9 /* Landmark.swift in Sources */ = {isa = PBXBuildFile; fileRef = 2101624D24A5EFDE00EF0DF9 /* Landmark.swift */; };
		2101625024A5F01000EF0DF9 /* landmarkData.json in Resources */ = {isa = PBXBuildFile; fileRef = 2101624F24A5F01000EF0DF9 /* landmarkData.json */; };
		2101625424A5FAA600EF0DF9 /* Data.swift in Sources */ = {isa = PBXBuildFile; fileRef = 2101625324A5FAA600EF0DF9 /* Data.swift */; };
		2101625724A5FB8400EF0DF9 /* LandmarkRow.swift in Sources */ = {isa = PBXBuildFile; fileRef = 2101625624A5FB8400EF0DF9 /* LandmarkRow.swift */; };
		2101626524A5FCBD00EF0DF9 /* silversalmoncreek.jpg in Resources */ = {isa = PBXBuildFile; fileRef = 2101625824A5FCBC00EF0DF9 /* silversalmoncreek.jpg */; };
		2101626624A5FCBD00EF0DF9 /* icybay.jpg in Resources */ = {isa = PBXBuildFile; fileRef = 2101625924A5FCBC00EF0DF9 /* icybay.jpg */; };
		2101626724A5FCBD00EF0DF9 /* lakemcdonald.jpg in Resources */ = {isa = PBXBuildFile; fileRef = 2101625A24A5FCBC00EF0DF9 /* lakemcdonald.jpg */; };
		2101626824A5FCBD00EF0DF9 /* rainbowlake.jpg in Resources */ = {isa = PBXBuildFile; fileRef = 2101625B24A5FCBC00EF0DF9 /* rainbowlake.jpg */; };
		2101626924A5FCBD00EF0DF9 /* yukon_charleyrivers.jpg in Resources */ = {isa = PBXBuildFile; fileRef = 2101625C24A5FCBC00EF0DF9 /* yukon_charleyrivers.jpg */; };
		2101626A24A5FCBD00EF0DF9 /* turtlerock.jpg in Resources */ = {isa = PBXBuildFile; fileRef = 2101625D24A5FCBC00EF0DF9 /* turtlerock.jpg */; };
		2101626B24A5FCBD00EF0DF9 /* twinlake.jpg in Resources */ = {isa = PBXBuildFile; fileRef = 2101625E24A5FCBC00EF0DF9 /* twinlake.jpg */; };
		2101626D24A5FCBD00EF0DF9 /* hiddenlake.jpg in Resources */ = {isa = PBXBuildFile; fileRef = 2101626024A5FCBC00EF0DF9 /* hiddenlake.jpg */; };
		2101626E24A5FCBD00EF0DF9 /* chincoteague.jpg in Resources */ = {isa = PBXBuildFile; fileRef = 2101626124A5FCBC00EF0DF9 /* chincoteague.jpg */; };
		2101626F24A5FCBD00EF0DF9 /* umbagog.jpg in Resources */ = {isa = PBXBuildFile; fileRef = 2101626224A5FCBD00EF0DF9 /* umbagog.jpg */; };
		2101627024A5FCBD00EF0DF9 /* chilkoottrail.jpg in Resources */ = {isa = PBXBuildFile; fileRef = 2101626324A5FCBD00EF0DF9 /* chilkoottrail.jpg */; };
		2101627124A5FCBD00EF0DF9 /* stmarylake.jpg in Resources */ = {isa = PBXBuildFile; fileRef = 2101626424A5FCBD00EF0DF9 /* stmarylake.jpg */; };
		2101627324A6256D00EF0DF9 /* LandmarkList.swift in Sources */ = {isa = PBXBuildFile; fileRef = 2101627224A6256D00EF0DF9 /* LandmarkList.swift */; };
		2132DE7D24A23EEC00E05953 /* AppDelegate.swift in Sources */ = {isa = PBXBuildFile; fileRef = 2132DE7C24A23EEC00E05953 /* AppDelegate.swift */; };
		2132DE7F24A23EEC00E05953 /* SceneDelegate.swift in Sources */ = {isa = PBXBuildFile; fileRef = 2132DE7E24A23EEC00E05953 /* SceneDelegate.swift */; };
		2132DE8124A23EEC00E05953 /* LandmarkDetail.swift in Sources */ = {isa = PBXBuildFile; fileRef = 2132DE8024A23EEC00E05953 /* LandmarkDetail.swift */; };
		2132DE8324A23EEE00E05953 /* Assets.xcassets in Resources */ = {isa = PBXBuildFile; fileRef = 2132DE8224A23EEE00E05953 /* Assets.xcassets */; };
		2132DE8624A23EEE00E05953 /* Preview Assets.xcassets in Resources */ = {isa = PBXBuildFile; fileRef = 2132DE8524A23EEE00E05953 /* Preview Assets.xcassets */; };
		2132DE8924A23EEE00E05953 /* LaunchScreen.storyboard in Resources */ = {isa = PBXBuildFile; fileRef = 2132DE8724A23EEE00E05953 /* LaunchScreen.storyboard */; };
		2132DE9124A2420E00E05953 /* CircleImage.swift in Sources */ = {isa = PBXBuildFile; fileRef = 2132DE9024A2420E00E05953 /* CircleImage.swift */; };
		2132DE9324A242FE00E05953 /* MapView.swift in Sources */ = {isa = PBXBuildFile; fileRef = 2132DE9224A242FE00E05953 /* MapView.swift */; };
/* End PBXBuildFile section */

/* Begin PBXFileReference section */
		2101624D24A5EFDE00EF0DF9 /* Landmark.swift */ = {isa = PBXFileReference; lastKnownFileType = sourcecode.swift; path = Landmark.swift; sourceTree = "<group>"; };
		2101624F24A5F01000EF0DF9 /* landmarkData.json */ = {isa = PBXFileReference; lastKnownFileType = text.json; path = landmarkData.json; sourceTree = "<group>"; };
		2101625324A5FAA600EF0DF9 /* Data.swift */ = {isa = PBXFileReference; lastKnownFileType = sourcecode.swift; path = Data.swift; sourceTree = "<group>"; };
		2101625624A5FB8400EF0DF9 /* LandmarkRow.swift */ = {isa = PBXFileReference; lastKnownFileType = sourcecode.swift; path = LandmarkRow.swift; sourceTree = "<group>"; };
		2101625824A5FCBC00EF0DF9 /* silversalmoncreek.jpg */ = {isa = PBXFileReference; lastKnownFileType = image.jpeg; name = silversalmoncreek.jpg; path = ../../../../Downloads/BuildingListsAndNavigation/StartingPoint/Landmarks/Landmarks/Resources/silversalmoncreek.jpg; sourceTree = "<group>"; };
		2101625924A5FCBC00EF0DF9 /* icybay.jpg */ = {isa = PBXFileReference; lastKnownFileType = image.jpeg; name = icybay.jpg; path = ../../../../Downloads/BuildingListsAndNavigation/StartingPoint/Landmarks/Landmarks/Resources/icybay.jpg; sourceTree = "<group>"; };
		2101625A24A5FCBC00EF0DF9 /* lakemcdonald.jpg */ = {isa = PBXFileReference; lastKnownFileType = image.jpeg; name = lakemcdonald.jpg; path = ../../../../Downloads/BuildingListsAndNavigation/StartingPoint/Landmarks/Landmarks/Resources/lakemcdonald.jpg; sourceTree = "<group>"; };
		2101625B24A5FCBC00EF0DF9 /* rainbowlake.jpg */ = {isa = PBXFileReference; lastKnownFileType = image.jpeg; name = rainbowlake.jpg; path = ../../../../Downloads/BuildingListsAndNavigation/StartingPoint/Landmarks/Landmarks/Resources/rainbowlake.jpg; sourceTree = "<group>"; };
		2101625C24A5FCBC00EF0DF9 /* yukon_charleyrivers.jpg */ = {isa = PBXFileReference; lastKnownFileType = image.jpeg; name = yukon_charleyrivers.jpg; path = ../../../../Downloads/BuildingListsAndNavigation/StartingPoint/Landmarks/Landmarks/Resources/yukon_charleyrivers.jpg; sourceTree = "<group>"; };
		2101625D24A5FCBC00EF0DF9 /* turtlerock.jpg */ = {isa = PBXFileReference; lastKnownFileType = image.jpeg; name = turtlerock.jpg; path = ../../../../Downloads/BuildingListsAndNavigation/StartingPoint/Landmarks/Landmarks/Resources/turtlerock.jpg; sourceTree = "<group>"; };
		2101625E24A5FCBC00EF0DF9 /* twinlake.jpg */ = {isa = PBXFileReference; lastKnownFileType = image.jpeg; name = twinlake.jpg; path = ../../../../Downloads/BuildingListsAndNavigation/StartingPoint/Landmarks/Landmarks/Resources/twinlake.jpg; sourceTree = "<group>"; };
		2101626024A5FCBC00EF0DF9 /* hiddenlake.jpg */ = {isa = PBXFileReference; lastKnownFileType = image.jpeg; name = hiddenlake.jpg; path = ../../../../Downloads/BuildingListsAndNavigation/StartingPoint/Landmarks/Landmarks/Resources/hiddenlake.jpg; sourceTree = "<group>"; };
		2101626124A5FCBC00EF0DF9 /* chincoteague.jpg */ = {isa = PBXFileReference; lastKnownFileType = image.jpeg; name = chincoteague.jpg; path = ../../../../Downloads/BuildingListsAndNavigation/StartingPoint/Landmarks/Landmarks/Resources/chincoteague.jpg; sourceTree = "<group>"; };
		2101626224A5FCBD00EF0DF9 /* umbagog.jpg */ = {isa = PBXFileReference; lastKnownFileType = image.jpeg; name = umbagog.jpg; path = ../../../../Downloads/BuildingListsAndNavigation/StartingPoint/Landmarks/Landmarks/Resources/umbagog.jpg; sourceTree = "<group>"; };
		2101626324A5FCBD00EF0DF9 /* chilkoottrail.jpg */ = {isa = PBXFileReference; lastKnownFileType = image.jpeg; name = chilkoottrail.jpg; path = ../../../../Downloads/BuildingListsAndNavigation/StartingPoint/Landmarks/Landmarks/Resources/chilkoottrail.jpg; sourceTree = "<group>"; };
		2101626424A5FCBD00EF0DF9 /* stmarylake.jpg */ = {isa = PBXFileReference; lastKnownFileType = image.jpeg; name = stmarylake.jpg; path = ../../../../Downloads/BuildingListsAndNavigation/StartingPoint/Landmarks/Landmarks/Resources/stmarylake.jpg; sourceTree = "<group>"; };
		2101627224A6256D00EF0DF9 /* LandmarkList.swift */ = {isa = PBXFileReference; lastKnownFileType = sourcecode.swift; path = LandmarkList.swift; sourceTree = "<group>"; };
		2132DE7924A23EEB00E05953 /* Landmarks.app */ = {isa = PBXFileReference; explicitFileType = wrapper.application; includeInIndex = 0; path = Landmarks.app; sourceTree = BUILT_PRODUCTS_DIR; };
		2132DE7C24A23EEC00E05953 /* AppDelegate.swift */ = {isa = PBXFileReference; lastKnownFileType = sourcecode.swift; path = AppDelegate.swift; sourceTree = "<group>"; };
		2132DE7E24A23EEC00E05953 /* SceneDelegate.swift */ = {isa = PBXFileReference; lastKnownFileType = sourcecode.swift; path = SceneDelegate.swift; sourceTree = "<group>"; };
		2132DE8024A23EEC00E05953 /* LandmarkDetail.swift */ = {isa = PBXFileReference; lastKnownFileType = sourcecode.swift; path = LandmarkDetail.swift; sourceTree = "<group>"; };
		2132DE8224A23EEE00E05953 /* Assets.xcassets */ = {isa = PBXFileReference; lastKnownFileType = folder.assetcatalog; path = Assets.xcassets; sourceTree = "<group>"; };
		2132DE8524A23EEE00E05953 /* Preview Assets.xcassets */ = {isa = PBXFileReference; lastKnownFileType = folder.assetcatalog; path = "Preview Assets.xcassets"; sourceTree = "<group>"; };
		2132DE8824A23EEE00E05953 /* Base */ = {isa = PBXFileReference; lastKnownFileType = file.storyboard; name = Base; path = Base.lproj/LaunchScreen.storyboard; sourceTree = "<group>"; };
		2132DE8A24A23EEE00E05953 /* Info.plist */ = {isa = PBXFileReference; lastKnownFileType = text.plist.xml; path = Info.plist; sourceTree = "<group>"; };
		2132DE9024A2420E00E05953 /* CircleImage.swift */ = {isa = PBXFileReference; lastKnownFileType = sourcecode.swift; path = CircleImage.swift; sourceTree = "<group>"; };
		2132DE9224A242FE00E05953 /* MapView.swift */ = {isa = PBXFileReference; lastKnownFileType = sourcecode.swift; path = MapView.swift; sourceTree = "<group>"; };
/* End PBXFileReference section */

/* Begin PBXFrameworksBuildPhase section */
		2132DE7624A23EEB00E05953 /* Frameworks */ = {
			isa = PBXFrameworksBuildPhase;
			buildActionMask = 2147483647;
			files = (
			);
			runOnlyForDeploymentPostprocessing = 0;
		};
/* End PBXFrameworksBuildPhase section */

/* Begin PBXGroup section */
		2101624B24A5EFB000EF0DF9 /* Resources */ = {
			isa = PBXGroup;
			children = (
				2101626324A5FCBD00EF0DF9 /* chilkoottrail.jpg */,
				2101626124A5FCBC00EF0DF9 /* chincoteague.jpg */,
				2101626024A5FCBC00EF0DF9 /* hiddenlake.jpg */,
				2101625924A5FCBC00EF0DF9 /* icybay.jpg */,
				2101625A24A5FCBC00EF0DF9 /* lakemcdonald.jpg */,
				2101625B24A5FCBC00EF0DF9 /* rainbowlake.jpg */,
				2101625824A5FCBC00EF0DF9 /* silversalmoncreek.jpg */,
				2101626424A5FCBD00EF0DF9 /* stmarylake.jpg */,
				2101625D24A5FCBC00EF0DF9 /* turtlerock.jpg */,
				2101625E24A5FCBC00EF0DF9 /* twinlake.jpg */,
				2101626224A5FCBD00EF0DF9 /* umbagog.jpg */,
				2101625C24A5FCBC00EF0DF9 /* yukon_charleyrivers.jpg */,
				2101624F24A5F01000EF0DF9 /* landmarkData.json */,
			);
			path = Resources;
			sourceTree = "<group>";
		};
		2101624C24A5EFC700EF0DF9 /* Models */ = {
			isa = PBXGroup;
			children = (
				2101624D24A5EFDE00EF0DF9 /* Landmark.swift */,
				2101625324A5FAA600EF0DF9 /* Data.swift */,
			);
			path = Models;
			sourceTree = "<group>";
		};
		2101625524A5FAF500EF0DF9 /* Supporting Views */ = {
			isa = PBXGroup;
			children = (
				2132DE9224A242FE00E05953 /* MapView.swift */,
				2132DE9024A2420E00E05953 /* CircleImage.swift */,
				2101625624A5FB8400EF0DF9 /* LandmarkRow.swift */,
			);
			path = "Supporting Views";
			sourceTree = "<group>";
		};
		2132DE7024A23EEB00E05953 = {
			isa = PBXGroup;
			children = (
				2132DE7B24A23EEB00E05953 /* Landmarks */,
				2132DE7A24A23EEB00E05953 /* Products */,
			);
			sourceTree = "<group>";
		};
		2132DE7A24A23EEB00E05953 /* Products */ = {
			isa = PBXGroup;
			children = (
				2132DE7924A23EEB00E05953 /* Landmarks.app */,
			);
			name = Products;
			sourceTree = "<group>";
		};
		2132DE7B24A23EEB00E05953 /* Landmarks */ = {
			isa = PBXGroup;
			children = (
				2101625524A5FAF500EF0DF9 /* Supporting Views */,
				2101624C24A5EFC700EF0DF9 /* Models */,
				2101624B24A5EFB000EF0DF9 /* Resources */,
				2132DE7C24A23EEC00E05953 /* AppDelegate.swift */,
				2132DE7E24A23EEC00E05953 /* SceneDelegate.swift */,
				2132DE8024A23EEC00E05953 /* LandmarkDetail.swift */,
				2132DE8224A23EEE00E05953 /* Assets.xcassets */,
				2132DE8724A23EEE00E05953 /* LaunchScreen.storyboard */,
				2132DE8A24A23EEE00E05953 /* Info.plist */,
				2132DE8424A23EEE00E05953 /* Preview Content */,
				2101627224A6256D00EF0DF9 /* LandmarkList.swift */,
			);
			path = Landmarks;
			sourceTree = "<group>";
		};
		2132DE8424A23EEE00E05953 /* Preview Content */ = {
			isa = PBXGroup;
			children = (
				2132DE8524A23EEE00E05953 /* Preview Assets.xcassets */,
			);
			path = "Preview Content";
			sourceTree = "<group>";
		};
/* End PBXGroup section */

/* Begin PBXNativeTarget section */
		2132DE7824A23EEB00E05953 /* Landmarks */ = {
			isa = PBXNativeTarget;
			buildConfigurationList = 2132DE8D24A23EEE00E05953 /* Build configuration list for PBXNativeTarget "Landmarks" */;
			buildPhases = (
				2132DE7524A23EEB00E05953 /* Sources */,
				2132DE7624A23EEB00E05953 /* Frameworks */,
				2132DE7724A23EEB00E05953 /* Resources */,
			);
			buildRules = (
			);
			dependencies = (
			);
			name = Landmarks;
			productName = Landmarks;
			productReference = 2132DE7924A23EEB00E05953 /* Landmarks.app */;
			productType = "com.apple.product-type.application";
		};
/* End PBXNativeTarget section */

/* Begin PBXProject section */
		2132DE7124A23EEB00E05953 /* Project object */ = {
			isa = PBXProject;
			attributes = {
				LastSwiftUpdateCheck = 1150;
				LastUpgradeCheck = 1150;
				ORGANIZATIONNAME = "Ádám Székely";
				TargetAttributes = {
					2132DE7824A23EEB00E05953 = {
						CreatedOnToolsVersion = 11.5;
					};
				};
			};
			buildConfigurationList = 2132DE7424A23EEB00E05953 /* Build configuration list for PBXProject "Landmarks" */;
			compatibilityVersion = "Xcode 9.3";
			developmentRegion = en;
			hasScannedForEncodings = 0;
			knownRegions = (
				en,
				Base,
			);
			mainGroup = 2132DE7024A23EEB00E05953;
			productRefGroup = 2132DE7A24A23EEB00E05953 /* Products */;
			projectDirPath = "";
			projectRoot = "";
			targets = (
				2132DE7824A23EEB00E05953 /* Landmarks */,
			);
		};
/* End PBXProject section */

/* Begin PBXResourcesBuildPhase section */
		2132DE7724A23EEB00E05953 /* Resources */ = {
			isa = PBXResourcesBuildPhase;
			buildActionMask = 2147483647;
			files = (
				2101626724A5FCBD00EF0DF9 /* lakemcdonald.jpg in Resources */,
				2101626D24A5FCBD00EF0DF9 /* hiddenlake.jpg in Resources */,
				2101626524A5FCBD00EF0DF9 /* silversalmoncreek.jpg in Resources */,
				2132DE8924A23EEE00E05953 /* LaunchScreen.storyboard in Resources */,
				2101625024A5F01000EF0DF9 /* landmarkData.json in Resources */,
				2101626A24A5FCBD00EF0DF9 /* turtlerock.jpg in Resources */,
				2101626924A5FCBD00EF0DF9 /* yukon_charleyrivers.jpg in Resources */,
				2132DE8624A23EEE00E05953 /* Preview Assets.xcassets in Resources */,
				2101627024A5FCBD00EF0DF9 /* chilkoottrail.jpg in Resources */,
				2101626F24A5FCBD00EF0DF9 /* umbagog.jpg in Resources */,
				2101626824A5FCBD00EF0DF9 /* rainbowlake.jpg in Resources */,
				2101627124A5FCBD00EF0DF9 /* stmarylake.jpg in Resources */,
				2101626E24A5FCBD00EF0DF9 /* chincoteague.jpg in Resources */,
				2101626624A5FCBD00EF0DF9 /* icybay.jpg in Resources */,
				2132DE8324A23EEE00E05953 /* Assets.xcassets in Resources */,
				2101626B24A5FCBD00EF0DF9 /* twinlake.jpg in Resources */,
			);
			runOnlyForDeploymentPostprocessing = 0;
		};
/* End PBXResourcesBuildPhase section */

/* Begin PBXSourcesBuildPhase section */
		2132DE7524A23EEB00E05953 /* Sources */ = {
			isa = PBXSourcesBuildPhase;
			buildActionMask = 2147483647;
			files = (
				2132DE7D24A23EEC00E05953 /* AppDelegate.swift in Sources */,
				2132DE9124A2420E00E05953 /* CircleImage.swift in Sources */,
				2132DE9324A242FE00E05953 /* MapView.swift in Sources */,
				2132DE7F24A23EEC00E05953 /* SceneDelegate.swift in Sources */,
				2101627324A6256D00EF0DF9 /* LandmarkList.swift in Sources */,
				2132DE8124A23EEC00E05953 /* LandmarkDetail.swift in Sources */,
				2101624E24A5EFDE00EF0DF9 /* Landmark.swift in Sources */,
				2101625424A5FAA600EF0DF9 /* Data.swift in Sources */,
				2101625724A5FB8400EF0DF9 /* LandmarkRow.swift in Sources */,
			);
			runOnlyForDeploymentPostprocessing = 0;
		};
/* End PBXSourcesBuildPhase section */

/* Begin PBXVariantGroup section */
		2132DE8724A23EEE00E05953 /* LaunchScreen.storyboard */ = {
			isa = PBXVariantGroup;
			children = (
				2132DE8824A23EEE00E05953 /* Base */,
			);
			name = LaunchScreen.storyboard;
			sourceTree = "<group>";
		};
/* End PBXVariantGroup section */

/* Begin XCBuildConfiguration section */
		2132DE8B24A23EEE00E05953 /* Debug */ = {
			isa = XCBuildConfiguration;
			buildSettings = {
				ALWAYS_SEARCH_USER_PATHS = NO;
				CLANG_ANALYZER_NONNULL = YES;
				CLANG_ANALYZER_NUMBER_OBJECT_CONVERSION = YES_AGGRESSIVE;
				CLANG_CXX_LANGUAGE_STANDARD = "gnu++14";
				CLANG_CXX_LIBRARY = "libc++";
				CLANG_ENABLE_MODULES = YES;
				CLANG_ENABLE_OBJC_ARC = YES;
				CLANG_ENABLE_OBJC_WEAK = YES;
				CLANG_WARN_BLOCK_CAPTURE_AUTORELEASING = YES;
				CLANG_WARN_BOOL_CONVERSION = YES;
				CLANG_WARN_COMMA = YES;
				CLANG_WARN_CONSTANT_CONVERSION = YES;
				CLANG_WARN_DEPRECATED_OBJC_IMPLEMENTATIONS = YES;
				CLANG_WARN_DIRECT_OBJC_ISA_USAGE = YES_ERROR;
				CLANG_WARN_DOCUMENTATION_COMMENTS = YES;
				CLANG_WARN_EMPTY_BODY = YES;
				CLANG_WARN_ENUM_CONVERSION = YES;
				CLANG_WARN_INFINITE_RECURSION = YES;
				CLANG_WARN_INT_CONVERSION = YES;
				CLANG_WARN_NON_LITERAL_NULL_CONVERSION = YES;
				CLANG_WARN_OBJC_IMPLICIT_RETAIN_SELF = YES;
				CLANG_WARN_OBJC_LITERAL_CONVERSION = YES;
				CLANG_WARN_OBJC_ROOT_CLASS = YES_ERROR;
				CLANG_WARN_RANGE_LOOP_ANALYSIS = YES;
				CLANG_WARN_STRICT_PROTOTYPES = YES;
				CLANG_WARN_SUSPICIOUS_MOVE = YES;
				CLANG_WARN_UNGUARDED_AVAILABILITY = YES_AGGRESSIVE;
				CLANG_WARN_UNREACHABLE_CODE = YES;
				CLANG_WARN__DUPLICATE_METHOD_MATCH = YES;
				COPY_PHASE_STRIP = NO;
				DEBUG_INFORMATION_FORMAT = dwarf;
				ENABLE_STRICT_OBJC_MSGSEND = YES;
				ENABLE_TESTABILITY = YES;
				GCC_C_LANGUAGE_STANDARD = gnu11;
				GCC_DYNAMIC_NO_PIC = NO;
				GCC_NO_COMMON_BLOCKS = YES;
				GCC_OPTIMIZATION_LEVEL = 0;
				GCC_PREPROCESSOR_DEFINITIONS = (
					"DEBUG=1",
					"$(inherited)",
				);
				GCC_WARN_64_TO_32_BIT_CONVERSION = YES;
				GCC_WARN_ABOUT_RETURN_TYPE = YES_ERROR;
				GCC_WARN_UNDECLARED_SELECTOR = YES;
				GCC_WARN_UNINITIALIZED_AUTOS = YES_AGGRESSIVE;
				GCC_WARN_UNUSED_FUNCTION = YES;
				GCC_WARN_UNUSED_VARIABLE = YES;
				IPHONEOS_DEPLOYMENT_TARGET = 13.5;
				MTL_ENABLE_DEBUG_INFO = INCLUDE_SOURCE;
				MTL_FAST_MATH = YES;
				ONLY_ACTIVE_ARCH = YES;
				SDKROOT = iphoneos;
				SWIFT_ACTIVE_COMPILATION_CONDITIONS = DEBUG;
				SWIFT_OPTIMIZATION_LEVEL = "-Onone";
			};
			name = Debug;
		};
		2132DE8C24A23EEE00E05953 /* Release */ = {
			isa = XCBuildConfiguration;
			buildSettings = {
				ALWAYS_SEARCH_USER_PATHS = NO;
				CLANG_ANALYZER_NONNULL = YES;
				CLANG_ANALYZER_NUMBER_OBJECT_CONVERSION = YES_AGGRESSIVE;
				CLANG_CXX_LANGUAGE_STANDARD = "gnu++14";
				CLANG_CXX_LIBRARY = "libc++";
				CLANG_ENABLE_MODULES = YES;
				CLANG_ENABLE_OBJC_ARC = YES;
				CLANG_ENABLE_OBJC_WEAK = YES;
				CLANG_WARN_BLOCK_CAPTURE_AUTORELEASING = YES;
				CLANG_WARN_BOOL_CONVERSION = YES;
				CLANG_WARN_COMMA = YES;
				CLANG_WARN_CONSTANT_CONVERSION = YES;
				CLANG_WARN_DEPRECATED_OBJC_IMPLEMENTATIONS = YES;
				CLANG_WARN_DIRECT_OBJC_ISA_USAGE = YES_ERROR;
				CLANG_WARN_DOCUMENTATION_COMMENTS = YES;
				CLANG_WARN_EMPTY_BODY = YES;
				CLANG_WARN_ENUM_CONVERSION = YES;
				CLANG_WARN_INFINITE_RECURSION = YES;
				CLANG_WARN_INT_CONVERSION = YES;
				CLANG_WARN_NON_LITERAL_NULL_CONVERSION = YES;
				CLANG_WARN_OBJC_IMPLICIT_RETAIN_SELF = YES;
				CLANG_WARN_OBJC_LITERAL_CONVERSION = YES;
				CLANG_WARN_OBJC_ROOT_CLASS = YES_ERROR;
				CLANG_WARN_RANGE_LOOP_ANALYSIS = YES;
				CLANG_WARN_STRICT_PROTOTYPES = YES;
				CLANG_WARN_SUSPICIOUS_MOVE = YES;
				CLANG_WARN_UNGUARDED_AVAILABILITY = YES_AGGRESSIVE;
				CLANG_WARN_UNREACHABLE_CODE = YES;
				CLANG_WARN__DUPLICATE_METHOD_MATCH = YES;
				COPY_PHASE_STRIP = NO;
				DEBUG_INFORMATION_FORMAT = "dwarf-with-dsym";
				ENABLE_NS_ASSERTIONS = NO;
				ENABLE_STRICT_OBJC_MSGSEND = YES;
				GCC_C_LANGUAGE_STANDARD = gnu11;
				GCC_NO_COMMON_BLOCKS = YES;
				GCC_WARN_64_TO_32_BIT_CONVERSION = YES;
				GCC_WARN_ABOUT_RETURN_TYPE = YES_ERROR;
				GCC_WARN_UNDECLARED_SELECTOR = YES;
				GCC_WARN_UNINITIALIZED_AUTOS = YES_AGGRESSIVE;
				GCC_WARN_UNUSED_FUNCTION = YES;
				GCC_WARN_UNUSED_VARIABLE = YES;
				IPHONEOS_DEPLOYMENT_TARGET = 13.5;
				MTL_ENABLE_DEBUG_INFO = NO;
				MTL_FAST_MATH = YES;
				SDKROOT = iphoneos;
				SWIFT_COMPILATION_MODE = wholemodule;
				SWIFT_OPTIMIZATION_LEVEL = "-O";
				VALIDATE_PRODUCT = YES;
			};
			name = Release;
		};
		2132DE8E24A23EEE00E05953 /* Debug */ = {
			isa = XCBuildConfiguration;
			buildSettings = {
				ASSETCATALOG_COMPILER_APPICON_NAME = AppIcon;
				CODE_SIGN_STYLE = Automatic;
				DEVELOPMENT_ASSET_PATHS = "\"Landmarks/Preview Content\"";
				ENABLE_PREVIEWS = YES;
				INFOPLIST_FILE = Landmarks/Info.plist;
				LD_RUNPATH_SEARCH_PATHS = (
					"$(inherited)",
					"@executable_path/Frameworks",
				);
				PRODUCT_BUNDLE_IDENTIFIER = com.adamszkly.Landmarks;
				PRODUCT_NAME = "$(TARGET_NAME)";
				SWIFT_VERSION = 5.0;
				TARGETED_DEVICE_FAMILY = "1,2";
			};
			name = Debug;
		};
		2132DE8F24A23EEE00E05953 /* Release */ = {
			isa = XCBuildConfiguration;
			buildSettings = {
				ASSETCATALOG_COMPILER_APPICON_NAME = AppIcon;
				CODE_SIGN_STYLE = Automatic;
				DEVELOPMENT_ASSET_PATHS = "\"Landmarks/Preview Content\"";
				ENABLE_PREVIEWS = YES;
				INFOPLIST_FILE = Landmarks/Info.plist;
				LD_RUNPATH_SEARCH_PATHS = (
					"$(inherited)",
					"@executable_path/Frameworks",
				);
				PRODUCT_BUNDLE_IDENTIFIER = com.adamszkly.Landmarks;
				PRODUCT_NAME = "$(TARGET_NAME)";
				SWIFT_VERSION = 5.0;
				TARGETED_DEVICE_FAMILY = "1,2";
			};
			name = Release;
		};
/* End XCBuildConfiguration section */

/* Begin XCConfigurationList section */
		2132DE7424A23EEB00E05953 /* Build configuration list for PBXProject "Landmarks" */ = {
			isa = XCConfigurationList;
			buildConfigurations = (
				2132DE8B24A23EEE00E05953 /* Debug */,
				2132DE8C24A23EEE00E05953 /* Release */,
			);
			defaultConfigurationIsVisible = 0;
			defaultConfigurationName = Release;
		};
		2132DE8D24A23EEE00E05953 /* Build configuration list for PBXNativeTarget "Landmarks" */ = {
			isa = XCConfigurationList;
			buildConfigurations = (
				2132DE8E24A23EEE00E05953 /* Debug */,
				2132DE8F24A23EEE00E05953 /* Release */,
			);
			defaultConfigurationIsVisible = 0;
			defaultConfigurationName = Release;
		};
/* End XCConfigurationList section */
	};
	rootObject = 2132DE7124A23EEB00E05953 /* Project object */;
}
